
Microsoft Visual Studio Solution File, Format Version 12.00
# Visual Studio 15
VisualStudioVersion = 15.0.28307.1082
MinimumVisualStudioVersion = 10.0.40219.1
Project("{888888A0-9F3D-457C-B088-3A5042F75D52}") = "bio", "bio\bio.pyproj", "{94569C47-2081-4A93-B292-3D9E03EE6424}"
EndProject
Global
	GlobalSection(SolutionConfigurationPlatforms) = preSolution
		Debug|Any CPU = Debug|Any CPU
		Release|Any CPU = Release|Any CPU
	EndGlobalSection
	GlobalSection(ProjectConfigurationPlatforms) = postSolution
		{94569C47-2081-4A93-B292-3D9E03EE6424}.Debug|Any CPU.ActiveCfg = Debug|Any CPU
		{94569C47-2081-4A93-B292-3D9E03EE6424}.Release|Any CPU.ActiveCfg = Release|Any CPU
	EndGlobalSection
	GlobalSection(SolutionProperties) = preSolution
		HideSolutionNode = FALSE
	EndGlobalSection
	GlobalSection(ExtensibilityGlobals) = postSolution
		SolutionGuid = {F0540B5B-C7C0-4D4E-B654-8F239FBD09B7}
	EndGlobalSection
EndGlobal
